// !$*UTF8*$!
{
	archiveVersion = 1;
	classes = {
	};
	objectVersion = 46;
	objects = {

/* Begin PBXBuildFile section */
		12DFCD39A6AAB1CEC013384F /* Pods_Oblako.framework in Frameworks */ = {isa = PBXBuildFile; fileRef = E394DEAF1F5DE4A5908DC563 /* Pods_Oblako.framework */; settings = {ATTRIBUTES = (Weak, ); }; };
		840591CF1B503405007BF110 /* AppDelegate.swift in Sources */ = {isa = PBXBuildFile; fileRef = 840591CE1B503405007BF110 /* AppDelegate.swift */; };
		840591D11B503405007BF110 /* ViewController.swift in Sources */ = {isa = PBXBuildFile; fileRef = 840591D01B503405007BF110 /* ViewController.swift */; };
		840591D61B503405007BF110 /* Images.xcassets in Resources */ = {isa = PBXBuildFile; fileRef = 840591D51B503405007BF110 /* Images.xcassets */; };
		840591E51B503405007BF110 /* OblakoTests.swift in Sources */ = {isa = PBXBuildFile; fileRef = 840591E41B503405007BF110 /* OblakoTests.swift */; };
		84365FE01B505478000817F2 /* TodoCell.swift in Sources */ = {isa = PBXBuildFile; fileRef = 84365FDF1B505478000817F2 /* TodoCell.swift */; };
		84E7A8BD1B52F3D400ED5703 /* Colors.swift in Sources */ = {isa = PBXBuildFile; fileRef = 84E7A8BC1B52F3D400ED5703 /* Colors.swift */; };
		84E7A8C71B53BAE300ED5703 /* M13Checkbox.m in Sources */ = {isa = PBXBuildFile; fileRef = 84E7A8BF1B53BAE300ED5703 /* M13Checkbox.m */; };
		84E7A8C81B53BAE300ED5703 /* OpenSans-Light.ttf in Resources */ = {isa = PBXBuildFile; fileRef = 84E7A8C01B53BAE300ED5703 /* OpenSans-Light.ttf */; };
		84E7A8C91B53BAE300ED5703 /* OpenSans-Regular.ttf in Resources */ = {isa = PBXBuildFile; fileRef = 84E7A8C11B53BAE300ED5703 /* OpenSans-Regular.ttf */; };
		84E7A8CA1B53BAE300ED5703 /* OpenSans-Semibold.ttf in Resources */ = {isa = PBXBuildFile; fileRef = 84E7A8C21B53BAE300ED5703 /* OpenSans-Semibold.ttf */; };
		84E7A8CB1B53BAE300ED5703 /* ResponseCollectionSerializable.swift in Sources */ = {isa = PBXBuildFile; fileRef = 84E7A8C41B53BAE300ED5703 /* ResponseCollectionSerializable.swift */; };
		84E7A8CC1B53BAE300ED5703 /* ResponseObjectSerializable.swift in Sources */ = {isa = PBXBuildFile; fileRef = 84E7A8C51B53BAE300ED5703 /* ResponseObjectSerializable.swift */; };
		84E7A8D11B53BB6F00ED5703 /* addTodoIcon.png in Resources */ = {isa = PBXBuildFile; fileRef = 84E7A8CE1B53BB6F00ED5703 /* addTodoIcon.png */; };
		84E7A8D21B53BB6F00ED5703 /* backIcon.png in Resources */ = {isa = PBXBuildFile; fileRef = 84E7A8CF1B53BB6F00ED5703 /* backIcon.png */; };
		84E7A8D31B53BB6F00ED5703 /* done.png in Resources */ = {isa = PBXBuildFile; fileRef = 84E7A8D01B53BB6F00ED5703 /* done.png */; };
		84EDE6F91B512DB70009B3C7 /* AddTodoController.swift in Sources */ = {isa = PBXBuildFile; fileRef = 84EDE6F81B512DB70009B3C7 /* AddTodoController.swift */; };
		84EDE6FB1B512F300009B3C7 /* NewTaskCell.swift in Sources */ = {isa = PBXBuildFile; fileRef = 84EDE6FA1B512F300009B3C7 /* NewTaskCell.swift */; };
		84EDE6FF1B5133040009B3C7 /* Todo.swift in Sources */ = {isa = PBXBuildFile; fileRef = 84EDE6FE1B5133040009B3C7 /* Todo.swift */; };
		84EDE7011B5133110009B3C7 /* Project.swift in Sources */ = {isa = PBXBuildFile; fileRef = 84EDE7001B5133110009B3C7 /* Project.swift */; };
/* End PBXBuildFile section */

/* Begin PBXContainerItemProxy section */
		840591DF1B503405007BF110 /* PBXContainerItemProxy */ = {
			isa = PBXContainerItemProxy;
			containerPortal = 840591C11B503405007BF110 /* Project object */;
			proxyType = 1;
			remoteGlobalIDString = 840591C81B503405007BF110;
			remoteInfo = Oblako;
		};
/* End PBXContainerItemProxy section */

/* Begin PBXFileReference section */
		840591C91B503405007BF110 /* Oblako.app */ = {isa = PBXFileReference; explicitFileType = wrapper.application; includeInIndex = 0; path = Oblako.app; sourceTree = BUILT_PRODUCTS_DIR; };
		840591CD1B503405007BF110 /* Info.plist */ = {isa = PBXFileReference; lastKnownFileType = text.plist.xml; path = Info.plist; sourceTree = "<group>"; };
		840591CE1B503405007BF110 /* AppDelegate.swift */ = {isa = PBXFileReference; lastKnownFileType = sourcecode.swift; path = AppDelegate.swift; sourceTree = "<group>"; };
		840591D01B503405007BF110 /* ViewController.swift */ = {isa = PBXFileReference; lastKnownFileType = sourcecode.swift; path = ViewController.swift; sourceTree = "<group>"; };
		840591D31B503405007BF110 /* Base */ = {isa = PBXFileReference; lastKnownFileType = file.storyboard; name = Base; path = Base.lproj/Main.storyboard; sourceTree = "<group>"; };
		840591D51B503405007BF110 /* Images.xcassets */ = {isa = PBXFileReference; lastKnownFileType = folder.assetcatalog; path = Images.xcassets; sourceTree = "<group>"; };
		840591D81B503405007BF110 /* Base */ = {isa = PBXFileReference; lastKnownFileType = file.xib; name = Base; path = Base.lproj/LaunchScreen.xib; sourceTree = "<group>"; };
		840591DE1B503405007BF110 /* OblakoTests.xctest */ = {isa = PBXFileReference; explicitFileType = wrapper.cfbundle; includeInIndex = 0; path = OblakoTests.xctest; sourceTree = BUILT_PRODUCTS_DIR; };
		840591E31B503405007BF110 /* Info.plist */ = {isa = PBXFileReference; lastKnownFileType = text.plist.xml; path = Info.plist; sourceTree = "<group>"; };
		840591E41B503405007BF110 /* OblakoTests.swift */ = {isa = PBXFileReference; lastKnownFileType = sourcecode.swift; path = OblakoTests.swift; sourceTree = "<group>"; };
		84365FDF1B505478000817F2 /* TodoCell.swift */ = {isa = PBXFileReference; fileEncoding = 4; lastKnownFileType = sourcecode.swift; path = TodoCell.swift; sourceTree = "<group>"; };
		84DC0C4A1B51929E001916FA /* addTodoIcon.png */ = {isa = PBXFileReference; lastKnownFileType = image.png; name = addTodoIcon.png; path = ../../../Downloads/todoimages/addTodoIcon.png; sourceTree = "<group>"; };
		84DC0C4B1B51929E001916FA /* backIcon.png */ = {isa = PBXFileReference; lastKnownFileType = image.png; name = backIcon.png; path = ../../../Downloads/todoimages/backIcon.png; sourceTree = "<group>"; };
		84DC0C4C1B51929E001916FA /* done.png */ = {isa = PBXFileReference; lastKnownFileType = image.png; name = done.png; path = ../../../Downloads/todoimages/done.png; sourceTree = "<group>"; };
		84E7A8BC1B52F3D400ED5703 /* Colors.swift */ = {isa = PBXFileReference; fileEncoding = 4; lastKnownFileType = sourcecode.swift; path = Colors.swift; sourceTree = "<group>"; };
		84E7A8BE1B53BAE300ED5703 /* M13Checkbox.h */ = {isa = PBXFileReference; fileEncoding = 4; lastKnownFileType = sourcecode.c.h; path = M13Checkbox.h; sourceTree = "<group>"; };
		84E7A8BF1B53BAE300ED5703 /* M13Checkbox.m */ = {isa = PBXFileReference; fileEncoding = 4; lastKnownFileType = sourcecode.c.objc; path = M13Checkbox.m; sourceTree = "<group>"; };
		84E7A8C01B53BAE300ED5703 /* OpenSans-Light.ttf */ = {isa = PBXFileReference; lastKnownFileType = file; path = "OpenSans-Light.ttf"; sourceTree = "<group>"; };
		84E7A8C11B53BAE300ED5703 /* OpenSans-Regular.ttf */ = {isa = PBXFileReference; lastKnownFileType = file; path = "OpenSans-Regular.ttf"; sourceTree = "<group>"; };
		84E7A8C21B53BAE300ED5703 /* OpenSans-Semibold.ttf */ = {isa = PBXFileReference; lastKnownFileType = file; path = "OpenSans-Semibold.ttf"; sourceTree = "<group>"; };
		84E7A8C31B53BAE300ED5703 /* otodoios-Bridging-Header.h */ = {isa = PBXFileReference; fileEncoding = 4; lastKnownFileType = sourcecode.c.h; path = "otodoios-Bridging-Header.h"; sourceTree = "<group>"; };
		84E7A8C41B53BAE300ED5703 /* ResponseCollectionSerializable.swift */ = {isa = PBXFileReference; fileEncoding = 4; lastKnownFileType = sourcecode.swift; path = ResponseCollectionSerializable.swift; sourceTree = "<group>"; };
		84E7A8C51B53BAE300ED5703 /* ResponseObjectSerializable.swift */ = {isa = PBXFileReference; fileEncoding = 4; lastKnownFileType = sourcecode.swift; path = ResponseObjectSerializable.swift; sourceTree = "<group>"; };
		84E7A8CE1B53BB6F00ED5703 /* addTodoIcon.png */ = {isa = PBXFileReference; lastKnownFileType = image.png; path = addTodoIcon.png; sourceTree = "<group>"; };
		84E7A8CF1B53BB6F00ED5703 /* backIcon.png */ = {isa = PBXFileReference; lastKnownFileType = image.png; path = backIcon.png; sourceTree = "<group>"; };
		84E7A8D01B53BB6F00ED5703 /* done.png */ = {isa = PBXFileReference; lastKnownFileType = image.png; path = done.png; sourceTree = "<group>"; };
		84EDE6F81B512DB70009B3C7 /* AddTodoController.swift */ = {isa = PBXFileReference; fileEncoding = 4; lastKnownFileType = sourcecode.swift; path = AddTodoController.swift; sourceTree = "<group>"; };
		84EDE6FA1B512F300009B3C7 /* NewTaskCell.swift */ = {isa = PBXFileReference; fileEncoding = 4; lastKnownFileType = sourcecode.swift; path = NewTaskCell.swift; sourceTree = "<group>"; };
		84EDE6FE1B5133040009B3C7 /* Todo.swift */ = {isa = PBXFileReference; fileEncoding = 4; lastKnownFileType = sourcecode.swift; path = Todo.swift; sourceTree = "<group>"; };
		84EDE7001B5133110009B3C7 /* Project.swift */ = {isa = PBXFileReference; fileEncoding = 4; lastKnownFileType = sourcecode.swift; path = Project.swift; sourceTree = "<group>"; };
		B21CB977C5A41B4867A1BE0F /* Pods-Oblako.release.xcconfig */ = {isa = PBXFileReference; includeInIndex = 1; lastKnownFileType = text.xcconfig; name = "Pods-Oblako.release.xcconfig"; path = "Pods/Target Support Files/Pods-Oblako/Pods-Oblako.release.xcconfig"; sourceTree = "<group>"; };
		D447990EBF8F958DF0106172 /* Pods-Oblako.debug.xcconfig */ = {isa = PBXFileReference; includeInIndex = 1; lastKnownFileType = text.xcconfig; name = "Pods-Oblako.debug.xcconfig"; path = "Pods/Target Support Files/Pods-Oblako/Pods-Oblako.debug.xcconfig"; sourceTree = "<group>"; };
		E394DEAF1F5DE4A5908DC563 /* Pods_Oblako.framework */ = {isa = PBXFileReference; explicitFileType = wrapper.framework; includeInIndex = 0; path = Pods_Oblako.framework; sourceTree = BUILT_PRODUCTS_DIR; };
/* End PBXFileReference section */

/* Begin PBXFrameworksBuildPhase section */
		840591C61B503405007BF110 /* Frameworks */ = {
			isa = PBXFrameworksBuildPhase;
			buildActionMask = 2147483647;
			files = (
				12DFCD39A6AAB1CEC013384F /* Pods_Oblako.framework in Frameworks */,
			);
			runOnlyForDeploymentPostprocessing = 0;
		};
		840591DB1B503405007BF110 /* Frameworks */ = {
			isa = PBXFrameworksBuildPhase;
			buildActionMask = 2147483647;
			files = (
			);
			runOnlyForDeploymentPostprocessing = 0;
		};
/* End PBXFrameworksBuildPhase section */

/* Begin PBXGroup section */
		0C4AADF301B885FB64D68BF7 /* Frameworks */ = {
			isa = PBXGroup;
			children = (
				E394DEAF1F5DE4A5908DC563 /* Pods_Oblako.framework */,
			);
			name = Frameworks;
			sourceTree = "<group>";
		};
		2FD20FE2AA3C58A28D08FFB9 /* Pods */ = {
			isa = PBXGroup;
			children = (
				D447990EBF8F958DF0106172 /* Pods-Oblako.debug.xcconfig */,
				B21CB977C5A41B4867A1BE0F /* Pods-Oblako.release.xcconfig */,
			);
			name = Pods;
			sourceTree = "<group>";
		};
		840591C01B503405007BF110 = {
			isa = PBXGroup;
			children = (
				840591CB1B503405007BF110 /* Oblako */,
				840591E11B503405007BF110 /* OblakoTests */,
				840591CA1B503405007BF110 /* Products */,
				2FD20FE2AA3C58A28D08FFB9 /* Pods */,
				0C4AADF301B885FB64D68BF7 /* Frameworks */,
			);
			sourceTree = "<group>";
		};
		840591CA1B503405007BF110 /* Products */ = {
			isa = PBXGroup;
			children = (
				840591C91B503405007BF110 /* Oblako.app */,
				840591DE1B503405007BF110 /* OblakoTests.xctest */,
			);
			name = Products;
			sourceTree = "<group>";
		};
		840591CB1B503405007BF110 /* Oblako */ = {
			isa = PBXGroup;
			children = (
				840591CE1B503405007BF110 /* AppDelegate.swift */,
				840591D01B503405007BF110 /* ViewController.swift */,
				84E7A8BC1B52F3D400ED5703 /* Colors.swift */,
				84365FDF1B505478000817F2 /* TodoCell.swift */,
				84EDE6FA1B512F300009B3C7 /* NewTaskCell.swift */,
				840591D21B503405007BF110 /* Main.storyboard */,
				84EDE6F81B512DB70009B3C7 /* AddTodoController.swift */,
				84EDE7001B5133110009B3C7 /* Project.swift */,
				84EDE6FE1B5133040009B3C7 /* Todo.swift */,
				840591D51B503405007BF110 /* Images.xcassets */,
				840591D71B503405007BF110 /* LaunchScreen.xib */,
				840591CC1B503405007BF110 /* Supporting Files */,
			);
			path = Oblako;
			sourceTree = "<group>";
		};
		840591CC1B503405007BF110 /* Supporting Files */ = {
			isa = PBXGroup;
			children = (
				84E7A8CE1B53BB6F00ED5703 /* addTodoIcon.png */,
				84E7A8CF1B53BB6F00ED5703 /* backIcon.png */,
				84E7A8D01B53BB6F00ED5703 /* done.png */,
				84DC0C4A1B51929E001916FA /* addTodoIcon.png */,
				84E7A8BE1B53BAE300ED5703 /* M13Checkbox.h */,
				84E7A8BF1B53BAE300ED5703 /* M13Checkbox.m */,
				84E7A8C01B53BAE300ED5703 /* OpenSans-Light.ttf */,
				84E7A8C11B53BAE300ED5703 /* OpenSans-Regular.ttf */,
				84E7A8C21B53BAE300ED5703 /* OpenSans-Semibold.ttf */,
				84E7A8C31B53BAE300ED5703 /* otodoios-Bridging-Header.h */,
				84E7A8C41B53BAE300ED5703 /* ResponseCollectionSerializable.swift */,
				84E7A8C51B53BAE300ED5703 /* ResponseObjectSerializable.swift */,
				84DC0C4B1B51929E001916FA /* backIcon.png */,
				84DC0C4C1B51929E001916FA /* done.png */,
				840591CD1B503405007BF110 /* Info.plist */,
			);
			name = "Supporting Files";
			sourceTree = "<group>";
		};
		840591E11B503405007BF110 /* OblakoTests */ = {
			isa = PBXGroup;
			children = (
				840591E41B503405007BF110 /* OblakoTests.swift */,
				840591E21B503405007BF110 /* Supporting Files */,
			);
			path = OblakoTests;
			sourceTree = "<group>";
		};
		840591E21B503405007BF110 /* Supporting Files */ = {
			isa = PBXGroup;
			children = (
				840591E31B503405007BF110 /* Info.plist */,
			);
			name = "Supporting Files";
			sourceTree = "<group>";
		};
/* End PBXGroup section */

/* Begin PBXNativeTarget section */
		840591C81B503405007BF110 /* Oblako */ = {
			isa = PBXNativeTarget;
			buildConfigurationList = 840591E81B503405007BF110 /* Build configuration list for PBXNativeTarget "Oblako" */;
			buildPhases = (
				D72746345E1413A5CDE958D7 /* Check Pods Manifest.lock */,
				840591C51B503405007BF110 /* Sources */,
				840591C61B503405007BF110 /* Frameworks */,
				840591C71B503405007BF110 /* Resources */,
				87EB3E6873BD47D74BEC1B60 /* Embed Pods Frameworks */,
				A8F0E7576F7115DD9F745CB0 /* Copy Pods Resources */,
			);
			buildRules = (
			);
			dependencies = (
			);
			name = Oblako;
			productName = Oblako;
			productReference = 840591C91B503405007BF110 /* Oblako.app */;
			productType = "com.apple.product-type.application";
		};
		840591DD1B503405007BF110 /* OblakoTests */ = {
			isa = PBXNativeTarget;
			buildConfigurationList = 840591EB1B503405007BF110 /* Build configuration list for PBXNativeTarget "OblakoTests" */;
			buildPhases = (
				840591DA1B503405007BF110 /* Sources */,
				840591DB1B503405007BF110 /* Frameworks */,
				840591DC1B503405007BF110 /* Resources */,
			);
			buildRules = (
			);
			dependencies = (
				840591E01B503405007BF110 /* PBXTargetDependency */,
			);
			name = OblakoTests;
			productName = OblakoTests;
			productReference = 840591DE1B503405007BF110 /* OblakoTests.xctest */;
			productType = "com.apple.product-type.bundle.unit-test";
		};
/* End PBXNativeTarget section */

/* Begin PBXProject section */
		840591C11B503405007BF110 /* Project object */ = {
			isa = PBXProject;
			attributes = {
				LastUpgradeCheck = 0640;
				ORGANIZATIONNAME = Admin;
				TargetAttributes = {
					840591C81B503405007BF110 = {
						CreatedOnToolsVersion = 6.4;
					};
					840591DD1B503405007BF110 = {
						CreatedOnToolsVersion = 6.4;
						TestTargetID = 840591C81B503405007BF110;
					};
				};
			};
			buildConfigurationList = 840591C41B503405007BF110 /* Build configuration list for PBXProject "Oblako" */;
			compatibilityVersion = "Xcode 3.2";
			developmentRegion = English;
			hasScannedForEncodings = 0;
			knownRegions = (
				en,
				Base,
			);
			mainGroup = 840591C01B503405007BF110;
			productRefGroup = 840591CA1B503405007BF110 /* Products */;
			projectDirPath = "";
			projectRoot = "";
			targets = (
				840591C81B503405007BF110 /* Oblako */,
				840591DD1B503405007BF110 /* OblakoTests */,
			);
		};
/* End PBXProject section */

/* Begin PBXResourcesBuildPhase section */
		840591C71B503405007BF110 /* Resources */ = {
			isa = PBXResourcesBuildPhase;
			buildActionMask = 2147483647;
			files = (
				84E7A8C81B53BAE300ED5703 /* OpenSans-Light.ttf in Resources */,
				84E7A8D21B53BB6F00ED5703 /* backIcon.png in Resources */,
				84E7A8D11B53BB6F00ED5703 /* addTodoIcon.png in Resources */,
				84E7A8D31B53BB6F00ED5703 /* done.png in Resources */,
				84E7A8CA1B53BAE300ED5703 /* OpenSans-Semibold.ttf in Resources */,
				84E7A8C91B53BAE300ED5703 /* OpenSans-Regular.ttf in Resources */,
				840591D61B503405007BF110 /* Images.xcassets in Resources */,
			);
			runOnlyForDeploymentPostprocessing = 0;
		};
		840591DC1B503405007BF110 /* Resources */ = {
			isa = PBXResourcesBuildPhase;
			buildActionMask = 2147483647;
			files = (
			);
			runOnlyForDeploymentPostprocessing = 0;
		};
/* End PBXResourcesBuildPhase section */

/* Begin PBXShellScriptBuildPhase section */
		87EB3E6873BD47D74BEC1B60 /* Embed Pods Frameworks */ = {
			isa = PBXShellScriptBuildPhase;
			buildActionMask = 2147483647;
			files = (
			);
			inputPaths = (
			);
			name = "Embed Pods Frameworks";
			outputPaths = (
			);
			runOnlyForDeploymentPostprocessing = 0;
			shellPath = /bin/sh;
			shellScript = "\"${SRCROOT}/Pods/Target Support Files/Pods-Oblako/Pods-Oblako-frameworks.sh\"\n";
			showEnvVarsInLog = 0;
		};
		A8F0E7576F7115DD9F745CB0 /* Copy Pods Resources */ = {
			isa = PBXShellScriptBuildPhase;
			buildActionMask = 2147483647;
			files = (
			);
			inputPaths = (
			);
			name = "Copy Pods Resources";
			outputPaths = (
			);
			runOnlyForDeploymentPostprocessing = 0;
			shellPath = /bin/sh;
			shellScript = "\"${SRCROOT}/Pods/Target Support Files/Pods-Oblako/Pods-Oblako-resources.sh\"\n";
			showEnvVarsInLog = 0;
		};
		D72746345E1413A5CDE958D7 /* Check Pods Manifest.lock */ = {
			isa = PBXShellScriptBuildPhase;
			buildActionMask = 2147483647;
			files = (
			);
			inputPaths = (
			);
			name = "Check Pods Manifest.lock";
			outputPaths = (
			);
			runOnlyForDeploymentPostprocessing = 0;
			shellPath = /bin/sh;
			shellScript = "diff \"${PODS_ROOT}/../Podfile.lock\" \"${PODS_ROOT}/Manifest.lock\" > /dev/null\nif [[ $? != 0 ]] ; then\n    cat << EOM\nerror: The sandbox is not in sync with the Podfile.lock. Run 'pod install' or update your CocoaPods installation.\nEOM\n    exit 1\nfi\n";
			showEnvVarsInLog = 0;
		};
/* End PBXShellScriptBuildPhase section */

/* Begin PBXSourcesBuildPhase section */
		840591C51B503405007BF110 /* Sources */ = {
			isa = PBXSourcesBuildPhase;
			buildActionMask = 2147483647;
			files = (
				84EDE7011B5133110009B3C7 /* Project.swift in Sources */,
				84EDE6FF1B5133040009B3C7 /* Todo.swift in Sources */,
				84E7A8C71B53BAE300ED5703 /* M13Checkbox.m in Sources */,
				840591D11B503405007BF110 /* ViewController.swift in Sources */,
				84EDE6F91B512DB70009B3C7 /* AddTodoController.swift in Sources */,
				84EDE6FB1B512F300009B3C7 /* NewTaskCell.swift in Sources */,
				84E7A8BD1B52F3D400ED5703 /* Colors.swift in Sources */,
				84E7A8CB1B53BAE300ED5703 /* ResponseCollectionSerializable.swift in Sources */,
				84365FE01B505478000817F2 /* TodoCell.swift in Sources */,
				840591CF1B503405007BF110 /* AppDelegate.swift in Sources */,
				84E7A8CC1B53BAE300ED5703 /* ResponseObjectSerializable.swift in Sources */,
			);
			runOnlyForDeploymentPostprocessing = 0;
		};
		840591DA1B503405007BF110 /* Sources */ = {
			isa = PBXSourcesBuildPhase;
			buildActionMask = 2147483647;
			files = (
				840591E51B503405007BF110 /* OblakoTests.swift in Sources */,
			);
			runOnlyForDeploymentPostprocessing = 0;
		};
/* End PBXSourcesBuildPhase section */

/* Begin PBXTargetDependency section */
		840591E01B503405007BF110 /* PBXTargetDependency */ = {
			isa = PBXTargetDependency;
			target = 840591C81B503405007BF110 /* Oblako */;
			targetProxy = 840591DF1B503405007BF110 /* PBXContainerItemProxy */;
		};
/* End PBXTargetDependency section */

/* Begin PBXVariantGroup section */
		840591D21B503405007BF110 /* Main.storyboard */ = {
			isa = PBXVariantGroup;
			children = (
				840591D31B503405007BF110 /* Base */,
			);
			name = Main.storyboard;
			sourceTree = "<group>";
		};
		840591D71B503405007BF110 /* LaunchScreen.xib */ = {
			isa = PBXVariantGroup;
			children = (
				840591D81B503405007BF110 /* Base */,
			);
			name = LaunchScreen.xib;
			sourceTree = "<group>";
		};
/* End PBXVariantGroup section */

/* Begin XCBuildConfiguration section */
		840591E61B503405007BF110 /* Debug */ = {
			isa = XCBuildConfiguration;
			buildSettings = {
				ALWAYS_SEARCH_USER_PATHS = NO;
				CLANG_CXX_LANGUAGE_STANDARD = "gnu++0x";
				CLANG_CXX_LIBRARY = "libc++";
				CLANG_ENABLE_MODULES = YES;
				CLANG_ENABLE_OBJC_ARC = YES;
				CLANG_WARN_BOOL_CONVERSION = YES;
				CLANG_WARN_CONSTANT_CONVERSION = YES;
				CLANG_WARN_DIRECT_OBJC_ISA_USAGE = YES_ERROR;
				CLANG_WARN_EMPTY_BODY = YES;
				CLANG_WARN_ENUM_CONVERSION = YES;
				CLANG_WARN_INT_CONVERSION = YES;
				CLANG_WARN_OBJC_ROOT_CLASS = YES_ERROR;
				CLANG_WARN_UNREACHABLE_CODE = YES;
				CLANG_WARN__DUPLICATE_METHOD_MATCH = YES;
				"CODE_SIGN_IDENTITY[sdk=iphoneos*]" = "iPhone Developer";
				COPY_PHASE_STRIP = NO;
				DEBUG_INFORMATION_FORMAT = "dwarf-with-dsym";
				ENABLE_STRICT_OBJC_MSGSEND = YES;
				GCC_C_LANGUAGE_STANDARD = gnu99;
				GCC_DYNAMIC_NO_PIC = NO;
				GCC_NO_COMMON_BLOCKS = YES;
				GCC_OPTIMIZATION_LEVEL = 0;
				GCC_PREPROCESSOR_DEFINITIONS = (
					"DEBUG=1",
					"$(inherited)",
				);
				GCC_SYMBOLS_PRIVATE_EXTERN = NO;
				GCC_WARN_64_TO_32_BIT_CONVERSION = YES;
				GCC_WARN_ABOUT_RETURN_TYPE = YES_ERROR;
				GCC_WARN_UNDECLARED_SELECTOR = YES;
				GCC_WARN_UNINITIALIZED_AUTOS = YES_AGGRESSIVE;
				GCC_WARN_UNUSED_FUNCTION = YES;
				GCC_WARN_UNUSED_VARIABLE = YES;
				IPHONEOS_DEPLOYMENT_TARGET = 8.4;
				MTL_ENABLE_DEBUG_INFO = YES;
				ONLY_ACTIVE_ARCH = YES;
				SDKROOT = iphoneos;
				SWIFT_OPTIMIZATION_LEVEL = "-Onone";
			};
			name = Debug;
		};
		840591E71B503405007BF110 /* Release */ = {
			isa = XCBuildConfiguration;
			buildSettings = {
				ALWAYS_SEARCH_USER_PATHS = NO;
				CLANG_CXX_LANGUAGE_STANDARD = "gnu++0x";
				CLANG_CXX_LIBRARY = "libc++";
				CLANG_ENABLE_MODULES = YES;
				CLANG_ENABLE_OBJC_ARC = YES;
				CLANG_WARN_BOOL_CONVERSION = YES;
				CLANG_WARN_CONSTANT_CONVERSION = YES;
				CLANG_WARN_DIRECT_OBJC_ISA_USAGE = YES_ERROR;
				CLANG_WARN_EMPTY_BODY = YES;
				CLANG_WARN_ENUM_CONVERSION = YES;
				CLANG_WARN_INT_CONVERSION = YES;
				CLANG_WARN_OBJC_ROOT_CLASS = YES_ERROR;
				CLANG_WARN_UNREACHABLE_CODE = YES;
				CLANG_WARN__DUPLICATE_METHOD_MATCH = YES;
				"CODE_SIGN_IDENTITY[sdk=iphoneos*]" = "iPhone Developer";
				COPY_PHASE_STRIP = NO;
				DEBUG_INFORMATION_FORMAT = "dwarf-with-dsym";
				ENABLE_NS_ASSERTIONS = NO;
				ENABLE_STRICT_OBJC_MSGSEND = YES;
				GCC_C_LANGUAGE_STANDARD = gnu99;
				GCC_NO_COMMON_BLOCKS = YES;
				GCC_WARN_64_TO_32_BIT_CONVERSION = YES;
				GCC_WARN_ABOUT_RETURN_TYPE = YES_ERROR;
				GCC_WARN_UNDECLARED_SELECTOR = YES;
				GCC_WARN_UNINITIALIZED_AUTOS = YES_AGGRESSIVE;
				GCC_WARN_UNUSED_FUNCTION = YES;
				GCC_WARN_UNUSED_VARIABLE = YES;
				IPHONEOS_DEPLOYMENT_TARGET = 8.4;
				MTL_ENABLE_DEBUG_INFO = NO;
				SDKROOT = iphoneos;
				VALIDATE_PRODUCT = YES;
			};
			name = Release;
		};
		840591E91B503405007BF110 /* Debug */ = {
			isa = XCBuildConfiguration;
			baseConfigurationReference = D447990EBF8F958DF0106172 /* Pods-Oblako.debug.xcconfig */;
			buildSettings = {
				ASSETCATALOG_COMPILER_APPICON_NAME = AppIcon;
				INFOPLIST_FILE = Oblako/Info.plist;
				LD_RUNPATH_SEARCH_PATHS = "$(inherited) @executable_path/Frameworks";
				PRODUCT_NAME = "$(TARGET_NAME)";
				SWIFT_OBJC_BRIDGING_HEADER = "/Users/admin/Desktop/Oblako/Oblako/otodoios-Bridging-Header.h";
			};
			name = Debug;
		};
		840591EA1B503405007BF110 /* Release */ = {
			isa = XCBuildConfiguration;
			baseConfigurationReference = B21CB977C5A41B4867A1BE0F /* Pods-Oblako.release.xcconfig */;
			buildSettings = {
				ASSETCATALOG_COMPILER_APPICON_NAME = AppIcon;
				INFOPLIST_FILE = Oblako/Info.plist;
				LD_RUNPATH_SEARCH_PATHS = "$(inherited) @executable_path/Frameworks";
				PRODUCT_NAME = "$(TARGET_NAME)";
				SWIFT_OBJC_BRIDGING_HEADER = "/Users/admin/Desktop/Oblako/Oblako/otodoios-Bridging-Header.h";
			};
			name = Release;
		};
		840591EC1B503405007BF110 /* Debug */ = {
			isa = XCBuildConfiguration;
			buildSettings = {
				BUNDLE_LOADER = "$(TEST_HOST)";
				FRAMEWORK_SEARCH_PATHS = (
					"$(SDKROOT)/Developer/Library/Frameworks",
					"$(inherited)",
				);
				GCC_PREPROCESSOR_DEFINITIONS = (
					"DEBUG=1",
					"$(inherited)",
				);
				INFOPLIST_FILE = OblakoTests/Info.plist;
				LD_RUNPATH_SEARCH_PATHS = "$(inherited) @executable_path/Frameworks @loader_path/Frameworks";
				PRODUCT_NAME = "$(TARGET_NAME)";
				TEST_HOST = "$(BUILT_PRODUCTS_DIR)/Oblako.app/Oblako";
			};
			name = Debug;
		};
		840591ED1B503405007BF110 /* Release */ = {
			isa = XCBuildConfiguration;
			buildSettings = {
				BUNDLE_LOADER = "$(TEST_HOST)";
				FRAMEWORK_SEARCH_PATHS = (
					"$(SDKROOT)/Developer/Library/Frameworks",
					"$(inherited)",
				);
				INFOPLIST_FILE = OblakoTests/Info.plist;
				LD_RUNPATH_SEARCH_PATHS = "$(inherited) @executable_path/Frameworks @loader_path/Frameworks";
				PRODUCT_NAME = "$(TARGET_NAME)";
				TEST_HOST = "$(BUILT_PRODUCTS_DIR)/Oblako.app/Oblako";
			};
			name = Release;
		};
/* End XCBuildConfiguration section */

/* Begin XCConfigurationList section */
		840591C41B503405007BF110 /* Build configuration list for PBXProject "Oblako" */ = {
			isa = XCConfigurationList;
			buildConfigurations = (
				840591E61B503405007BF110 /* Debug */,
				840591E71B503405007BF110 /* Release */,
			);
			defaultConfigurationIsVisible = 0;
			defaultConfigurationName = Release;
		};
		840591E81B503405007BF110 /* Build configuration list for PBXNativeTarget "Oblako" */ = {
			isa = XCConfigurationList;
			buildConfigurations = (
				840591E91B503405007BF110 /* Debug */,
				840591EA1B503405007BF110 /* Release */,
			);
			defaultConfigurationIsVisible = 0;
			defaultConfigurationName = Release;
		};
		840591EB1B503405007BF110 /* Build configuration list for PBXNativeTarget "OblakoTests" */ = {
			isa = XCConfigurationList;
			buildConfigurations = (
				840591EC1B503405007BF110 /* Debug */,
				840591ED1B503405007BF110 /* Release */,
			);
			defaultConfigurationIsVisible = 0;
			defaultConfigurationName = Release;
		};
/* End XCConfigurationList section */
	};
	rootObject = 840591C11B503405007BF110 /* Project object */;
}
