// !$*UTF8*$!
{
	archiveVersion = 1;
	classes = {
	};
	objectVersion = 46;
	objects = {

/* Begin PBXBuildFile section */
		840591CF1B503405007BF110 /* AppDelegate.swift in Sources */ = {isa = PBXBuildFile; fileRef = 840591CE1B503405007BF110 /* AppDelegate.swift */; };
		840591D11B503405007BF110 /* ViewController.swift in Sources */ = {isa = PBXBuildFile; fileRef = 840591D01B503405007BF110 /* ViewController.swift */; };
		840591D41B503405007BF110 /* Main.storyboard in Resources */ = {isa = PBXBuildFile; fileRef = 840591D21B503405007BF110 /* Main.storyboard */; };
		840591D61B503405007BF110 /* Images.xcassets in Resources */ = {isa = PBXBuildFile; fileRef = 840591D51B503405007BF110 /* Images.xcassets */; };
		840591D91B503405007BF110 /* LaunchScreen.xib in Resources */ = {isa = PBXBuildFile; fileRef = 840591D71B503405007BF110 /* LaunchScreen.xib */; };
		840591E51B503405007BF110 /* OblakoTests.swift in Sources */ = {isa = PBXBuildFile; fileRef = 840591E41B503405007BF110 /* OblakoTests.swift */; };
/* End PBXBuildFile section */

/* Begin PBXContainerItemProxy section */
		840591DF1B503405007BF110 /* PBXContainerItemProxy */ = {
			isa = PBXContainerItemProxy;
			containerPortal = 840591C11B503405007BF110 /* Project object */;
			proxyType = 1;
			remoteGlobalIDString = 840591C81B503405007BF110;
			remoteInfo = Oblako;
		};
/* End PBXContainerItemProxy section */

/* Begin PBXFileReference section */
		840591C91B503405007BF110 /* Oblako.app */ = {isa = PBXFileReference; explicitFileType = wrapper.application; includeInIndex = 0; path = Oblako.app; sourceTree = BUILT_PRODUCTS_DIR; };
		840591CD1B503405007BF110 /* Info.plist */ = {isa = PBXFileReference; lastKnownFileType = text.plist.xml; path = Info.plist; sourceTree = "<group>"; };
		840591CE1B503405007BF110 /* AppDelegate.swift */ = {isa = PBXFileReference; lastKnownFileType = sourcecode.swift; path = AppDelegate.swift; sourceTree = "<group>"; };
		840591D01B503405007BF110 /* ViewController.swift */ = {isa = PBXFileReference; lastKnownFileType = sourcecode.swift; path = ViewController.swift; sourceTree = "<group>"; };
		840591D31B503405007BF110 /* Base */ = {isa = PBXFileReference; lastKnownFileType = file.storyboard; name = Base; path = Base.lproj/Main.storyboard; sourceTree = "<group>"; };
		840591D51B503405007BF110 /* Images.xcassets */ = {isa = PBXFileReference; lastKnownFileType = folder.assetcatalog; path = Images.xcassets; sourceTree = "<group>"; };
		840591D81B503405007BF110 /* Base */ = {isa = PBXFileReference; lastKnownFileType = file.xib; name = Base; path = Base.lproj/LaunchScreen.xib; sourceTree = "<group>"; };
		840591DE1B503405007BF110 /* OblakoTests.xctest */ = {isa = PBXFileReference; explicitFileType = wrapper.cfbundle; includeInIndex = 0; path = OblakoTests.xctest; sourceTree = BUILT_PRODUCTS_DIR; };
		840591E31B503405007BF110 /* Info.plist */ = {isa = PBXFileReference; lastKnownFileType = text.plist.xml; path = Info.plist; sourceTree = "<group>"; };
		840591E41B503405007BF110 /* OblakoTests.swift */ = {isa = PBXFileReference; lastKnownFileType = sourcecode.swift; path = OblakoTests.swift; sourceTree = "<group>"; };
/* End PBXFileReference section */

/* Begin PBXFrameworksBuildPhase section */
		840591C61B503405007BF110 /* Frameworks */ = {
			isa = PBXFrameworksBuildPhase;
			buildActionMask = 2147483647;
			files = (
			);
			runOnlyForDeploymentPostprocessing = 0;
		};
		840591DB1B503405007BF110 /* Frameworks */ = {
			isa = PBXFrameworksBuildPhase;
			buildActionMask = 2147483647;
			files = (
			);
			runOnlyForDeploymentPostprocessing = 0;
		};
/* End PBXFrameworksBuildPhase section */

/* Begin PBXGroup section */
		840591C01B503405007BF110 = {
			isa = PBXGroup;
			children = (
				840591CB1B503405007BF110 /* Oblako */,
				840591E11B503405007BF110 /* OblakoTests */,
				840591CA1B503405007BF110 /* Products */,
			);
			sourceTree = "<group>";
		};
		840591CA1B503405007BF110 /* Products */ = {
			isa = PBXGroup;
			children = (
				840591C91B503405007BF110 /* Oblako.app */,
				840591DE1B503405007BF110 /* OblakoTests.xctest */,
			);
			name = Products;
			sourceTree = "<group>";
		};
		840591CB1B503405007BF110 /* Oblako */ = {
			isa = PBXGroup;
			children = (
				840591CE1B503405007BF110 /* AppDelegate.swift */,
				840591D01B503405007BF110 /* ViewController.swift */,
				840591D21B503405007BF110 /* Main.storyboard */,
				840591D51B503405007BF110 /* Images.xcassets */,
				840591D71B503405007BF110 /* LaunchScreen.xib */,
				840591CC1B503405007BF110 /* Supporting Files */,
			);
			path = Oblako;
			sourceTree = "<group>";
		};
		840591CC1B503405007BF110 /* Supporting Files */ = {
			isa = PBXGroup;
			children = (
				840591CD1B503405007BF110 /* Info.plist */,
			);
			name = "Supporting Files";
			sourceTree = "<group>";
		};
		840591E11B503405007BF110 /* OblakoTests */ = {
			isa = PBXGroup;
			children = (
				840591E41B503405007BF110 /* OblakoTests.swift */,
				840591E21B503405007BF110 /* Supporting Files */,
			);
			path = OblakoTests;
			sourceTree = "<group>";
		};
		840591E21B503405007BF110 /* Supporting Files */ = {
			isa = PBXGroup;
			children = (
				840591E31B503405007BF110 /* Info.plist */,
			);
			name = "Supporting Files";
			sourceTree = "<group>";
		};
/* End PBXGroup section */

/* Begin PBXNativeTarget section */
		840591C81B503405007BF110 /* Oblako */ = {
			isa = PBXNativeTarget;
			buildConfigurationList = 840591E81B503405007BF110 /* Build configuration list for PBXNativeTarget "Oblako" */;
			buildPhases = (
				840591C51B503405007BF110 /* Sources */,
				840591C61B503405007BF110 /* Frameworks */,
				840591C71B503405007BF110 /* Resources */,
			);
			buildRules = (
			);
			dependencies = (
			);
			name = Oblako;
			productName = Oblako;
			productReference = 840591C91B503405007BF110 /* Oblako.app */;
			productType = "com.apple.product-type.application";
		};
		840591DD1B503405007BF110 /* OblakoTests */ = {
			isa = PBXNativeTarget;
			buildConfigurationList = 840591EB1B503405007BF110 /* Build configuration list for PBXNativeTarget "OblakoTests" */;
			buildPhases = (
				840591DA1B503405007BF110 /* Sources */,
				840591DB1B503405007BF110 /* Frameworks */,
				840591DC1B503405007BF110 /* Resources */,
			);
			buildRules = (
			);
			dependencies = (
				840591E01B503405007BF110 /* PBXTargetDependency */,
			);
			name = OblakoTests;
			productName = OblakoTests;
			productReference = 840591DE1B503405007BF110 /* OblakoTests.xctest */;
			productType = "com.apple.product-type.bundle.unit-test";
		};
/* End PBXNativeTarget section */

/* Begin PBXProject section */
		840591C11B503405007BF110 /* Project object */ = {
			isa = PBXProject;
			attributes = {
				LastUpgradeCheck = 0640;
				ORGANIZATIONNAME = Admin;
				TargetAttributes = {
					840591C81B503405007BF110 = {
						CreatedOnToolsVersion = 6.4;
					};
					840591DD1B503405007BF110 = {
						CreatedOnToolsVersion = 6.4;
						TestTargetID = 840591C81B503405007BF110;
					};
				};
			};
			buildConfigurationList = 840591C41B503405007BF110 /* Build configuration list for PBXProject "Oblako" */;
			compatibilityVersion = "Xcode 3.2";
			developmentRegion = English;
			hasScannedForEncodings = 0;
			knownRegions = (
				en,
				Base,
			);
			mainGroup = 840591C01B503405007BF110;
			productRefGroup = 840591CA1B503405007BF110 /* Products */;
			projectDirPath = "";
			projectRoot = "";
			targets = (
				840591C81B503405007BF110 /* Oblako */,
				840591DD1B503405007BF110 /* OblakoTests */,
			);
		};
/* End PBXProject section */

/* Begin PBXResourcesBuildPhase section */
		840591C71B503405007BF110 /* Resources */ = {
			isa = PBXResourcesBuildPhase;
			buildActionMask = 2147483647;
			files = (
				840591D41B503405007BF110 /* Main.storyboard in Resources */,
				840591D91B503405007BF110 /* LaunchScreen.xib in Resources */,
				840591D61B503405007BF110 /* Images.xcassets in Resources */,
			);
			runOnlyForDeploymentPostprocessing = 0;
		};
		840591DC1B503405007BF110 /* Resources */ = {
			isa = PBXResourcesBuildPhase;
			buildActionMask = 2147483647;
			files = (
			);
			runOnlyForDeploymentPostprocessing = 0;
		};
/* End PBXResourcesBuildPhase section */

/* Begin PBXSourcesBuildPhase section */
		840591C51B503405007BF110 /* Sources */ = {
			isa = PBXSourcesBuildPhase;
			buildActionMask = 2147483647;
			files = (
				840591D11B503405007BF110 /* ViewController.swift in Sources */,
				840591CF1B503405007BF110 /* AppDelegate.swift in Sources */,
			);
			runOnlyForDeploymentPostprocessing = 0;
		};
		840591DA1B503405007BF110 /* Sources */ = {
			isa = PBXSourcesBuildPhase;
			buildActionMask = 2147483647;
			files = (
				840591E51B503405007BF110 /* OblakoTests.swift in Sources */,
			);
			runOnlyForDeploymentPostprocessing = 0;
		};
/* End PBXSourcesBuildPhase section */

/* Begin PBXTargetDependency section */
		840591E01B503405007BF110 /* PBXTargetDependency */ = {
			isa = PBXTargetDependency;
			target = 840591C81B503405007BF110 /* Oblako */;
			targetProxy = 840591DF1B503405007BF110 /* PBXContainerItemProxy */;
		};
/* End PBXTargetDependency section */

/* Begin PBXVariantGroup section */
		840591D21B503405007BF110 /* Main.storyboard */ = {
			isa = PBXVariantGroup;
			children = (
				840591D31B503405007BF110 /* Base */,
			);
			name = Main.storyboard;
			sourceTree = "<group>";
		};
		840591D71B503405007BF110 /* LaunchScreen.xib */ = {
			isa = PBXVariantGroup;
			children = (
				840591D81B503405007BF110 /* Base */,
			);
			name = LaunchScreen.xib;
			sourceTree = "<group>";
		};
/* End PBXVariantGroup section */

/* Begin XCBuildConfiguration section */
		840591E61B503405007BF110 /* Debug */ = {
			isa = XCBuildConfiguration;
			buildSettings = {
				ALWAYS_SEARCH_USER_PATHS = NO;
				CLANG_CXX_LANGUAGE_STANDARD = "gnu++0x";
				CLANG_CXX_LIBRARY = "libc++";
				CLANG_ENABLE_MODULES = YES;
				CLANG_ENABLE_OBJC_ARC = YES;
				CLANG_WARN_BOOL_CONVERSION = YES;
				CLANG_WARN_CONSTANT_CONVERSION = YES;
				CLANG_WARN_DIRECT_OBJC_ISA_USAGE = YES_ERROR;
				CLANG_WARN_EMPTY_BODY = YES;
				CLANG_WARN_ENUM_CONVERSION = YES;
				CLANG_WARN_INT_CONVERSION = YES;
				CLANG_WARN_OBJC_ROOT_CLASS = YES_ERROR;
				CLANG_WARN_UNREACHABLE_CODE = YES;
				CLANG_WARN__DUPLICATE_METHOD_MATCH = YES;
				"CODE_SIGN_IDENTITY[sdk=iphoneos*]" = "iPhone Developer";
				COPY_PHASE_STRIP = NO;
				DEBUG_INFORMATION_FORMAT = "dwarf-with-dsym";
				ENABLE_STRICT_OBJC_MSGSEND = YES;
				GCC_C_LANGUAGE_STANDARD = gnu99;
				GCC_DYNAMIC_NO_PIC = NO;
				GCC_NO_COMMON_BLOCKS = YES;
				GCC_OPTIMIZATION_LEVEL = 0;
				GCC_PREPROCESSOR_DEFINITIONS = (
					"DEBUG=1",
					"$(inherited)",
				);
				GCC_SYMBOLS_PRIVATE_EXTERN = NO;
				GCC_WARN_64_TO_32_BIT_CONVERSION = YES;
				GCC_WARN_ABOUT_RETURN_TYPE = YES_ERROR;
				GCC_WARN_UNDECLARED_SELECTOR = YES;
				GCC_WARN_UNINITIALIZED_AUTOS = YES_AGGRESSIVE;
				GCC_WARN_UNUSED_FUNCTION = YES;
				GCC_WARN_UNUSED_VARIABLE = YES;
				IPHONEOS_DEPLOYMENT_TARGET = 8.4;
				MTL_ENABLE_DEBUG_INFO = YES;
				ONLY_ACTIVE_ARCH = YES;
				SDKROOT = iphoneos;
				SWIFT_OPTIMIZATION_LEVEL = "-Onone";
			};
			name = Debug;
		};
		840591E71B503405007BF110 /* Release */ = {
			isa = XCBuildConfiguration;
			buildSettings = {
				ALWAYS_SEARCH_USER_PATHS = NO;
				CLANG_CXX_LANGUAGE_STANDARD = "gnu++0x";
				CLANG_CXX_LIBRARY = "libc++";
				CLANG_ENABLE_MODULES = YES;
				CLANG_ENABLE_OBJC_ARC = YES;
				CLANG_WARN_BOOL_CONVERSION = YES;
				CLANG_WARN_CONSTANT_CONVERSION = YES;
				CLANG_WARN_DIRECT_OBJC_ISA_USAGE = YES_ERROR;
				CLANG_WARN_EMPTY_BODY = YES;
				CLANG_WARN_ENUM_CONVERSION = YES;
				CLANG_WARN_INT_CONVERSION = YES;
				CLANG_WARN_OBJC_ROOT_CLASS = YES_ERROR;
				CLANG_WARN_UNREACHABLE_CODE = YES;
				CLANG_WARN__DUPLICATE_METHOD_MATCH = YES;
				"CODE_SIGN_IDENTITY[sdk=iphoneos*]" = "iPhone Developer";
				COPY_PHASE_STRIP = NO;
				DEBUG_INFORMATION_FORMAT = "dwarf-with-dsym";
				ENABLE_NS_ASSERTIONS = NO;
				ENABLE_STRICT_OBJC_MSGSEND = YES;
				GCC_C_LANGUAGE_STANDARD = gnu99;
				GCC_NO_COMMON_BLOCKS = YES;
				GCC_WARN_64_TO_32_BIT_CONVERSION = YES;
				GCC_WARN_ABOUT_RETURN_TYPE = YES_ERROR;
				GCC_WARN_UNDECLARED_SELECTOR = YES;
				GCC_WARN_UNINITIALIZED_AUTOS = YES_AGGRESSIVE;
				GCC_WARN_UNUSED_FUNCTION = YES;
				GCC_WARN_UNUSED_VARIABLE = YES;
				IPHONEOS_DEPLOYMENT_TARGET = 8.4;
				MTL_ENABLE_DEBUG_INFO = NO;
				SDKROOT = iphoneos;
				VALIDATE_PRODUCT = YES;
			};
			name = Release;
		};
		840591E91B503405007BF110 /* Debug */ = {
			isa = XCBuildConfiguration;
			buildSettings = {
				ASSETCATALOG_COMPILER_APPICON_NAME = AppIcon;
				INFOPLIST_FILE = Oblako/Info.plist;
				LD_RUNPATH_SEARCH_PATHS = "$(inherited) @executable_path/Frameworks";
				PRODUCT_NAME = "$(TARGET_NAME)";
			};
			name = Debug;
		};
		840591EA1B503405007BF110 /* Release */ = {
			isa = XCBuildConfiguration;
			buildSettings = {
				ASSETCATALOG_COMPILER_APPICON_NAME = AppIcon;
				INFOPLIST_FILE = Oblako/Info.plist;
				LD_RUNPATH_SEARCH_PATHS = "$(inherited) @executable_path/Frameworks";
				PRODUCT_NAME = "$(TARGET_NAME)";
			};
			name = Release;
		};
		840591EC1B503405007BF110 /* Debug */ = {
			isa = XCBuildConfiguration;
			buildSettings = {
				BUNDLE_LOADER = "$(TEST_HOST)";
				FRAMEWORK_SEARCH_PATHS = (
					"$(SDKROOT)/Developer/Library/Frameworks",
					"$(inherited)",
				);
				GCC_PREPROCESSOR_DEFINITIONS = (
					"DEBUG=1",
					"$(inherited)",
				);
				INFOPLIST_FILE = OblakoTests/Info.plist;
				LD_RUNPATH_SEARCH_PATHS = "$(inherited) @executable_path/Frameworks @loader_path/Frameworks";
				PRODUCT_NAME = "$(TARGET_NAME)";
				TEST_HOST = "$(BUILT_PRODUCTS_DIR)/Oblako.app/Oblako";
			};
			name = Debug;
		};
		840591ED1B503405007BF110 /* Release */ = {
			isa = XCBuildConfiguration;
			buildSettings = {
				BUNDLE_LOADER = "$(TEST_HOST)";
				FRAMEWORK_SEARCH_PATHS = (
					"$(SDKROOT)/Developer/Library/Frameworks",
					"$(inherited)",
				);
				INFOPLIST_FILE = OblakoTests/Info.plist;
				LD_RUNPATH_SEARCH_PATHS = "$(inherited) @executable_path/Frameworks @loader_path/Frameworks";
				PRODUCT_NAME = "$(TARGET_NAME)";
				TEST_HOST = "$(BUILT_PRODUCTS_DIR)/Oblako.app/Oblako";
			};
			name = Release;
		};
/* End XCBuildConfiguration section */

/* Begin XCConfigurationList section */
		840591C41B503405007BF110 /* Build configuration list for PBXProject "Oblako" */ = {
			isa = XCConfigurationList;
			buildConfigurations = (
				840591E61B503405007BF110 /* Debug */,
				840591E71B503405007BF110 /* Release */,
			);
			defaultConfigurationIsVisible = 0;
			defaultConfigurationName = Release;
		};
		840591E81B503405007BF110 /* Build configuration list for PBXNativeTarget "Oblako" */ = {
			isa = XCConfigurationList;
			buildConfigurations = (
				840591E91B503405007BF110 /* Debug */,
				840591EA1B503405007BF110 /* Release */,
			);
			defaultConfigurationIsVisible = 0;
		};
		840591EB1B503405007BF110 /* Build configuration list for PBXNativeTarget "OblakoTests" */ = {
			isa = XCConfigurationList;
			buildConfigurations = (
				840591EC1B503405007BF110 /* Debug */,
				840591ED1B503405007BF110 /* Release */,
			);
			defaultConfigurationIsVisible = 0;
		};
/* End XCConfigurationList section */
	};
	rootObject = 840591C11B503405007BF110 /* Project object */;
}
